
Microsoft Visual Studio Solution File, Format Version 12.00
# Visual Studio 15
VisualStudioVersion = 15.0.28307.902
MinimumVisualStudioVersion = 10.0.40219.1
Project("{9A19103F-16F7-4668-BE54-9A1E7A4F7556}") = "KoiosWeb", "KoiosWeb\KoiosWeb.csproj", "{78F842D2-36EC-4987-AA43-CA3BB2307529}"
EndProject
Project("{9A19103F-16F7-4668-BE54-9A1E7A4F7556}") = "KoiosDAL", "KoiosDAL\KoiosDAL.csproj", "{02580114-A442-4ED8-B4E3-5A5D7F2A9224}"
EndProject
Project("{FAE04EC0-301F-11D3-BF4B-00C04F79EFBC}") = "KoiosLogic", "KoiosLogic\KoiosLogic.csproj", "{A01640F9-7820-4B9E-8CA8-B672EE3316AA}"
EndProject
Global
	GlobalSection(SolutionConfigurationPlatforms) = preSolution
		Debug|Any CPU = Debug|Any CPU
		Release|Any CPU = Release|Any CPU
	EndGlobalSection
	GlobalSection(ProjectConfigurationPlatforms) = postSolution
		{78F842D2-36EC-4987-AA43-CA3BB2307529}.Debug|Any CPU.ActiveCfg = Debug|Any CPU
		{78F842D2-36EC-4987-AA43-CA3BB2307529}.Debug|Any CPU.Build.0 = Debug|Any CPU
		{78F842D2-36EC-4987-AA43-CA3BB2307529}.Release|Any CPU.ActiveCfg = Release|Any CPU
		{78F842D2-36EC-4987-AA43-CA3BB2307529}.Release|Any CPU.Build.0 = Release|Any CPU
		{02580114-A442-4ED8-B4E3-5A5D7F2A9224}.Debug|Any CPU.ActiveCfg = Debug|Any CPU
		{02580114-A442-4ED8-B4E3-5A5D7F2A9224}.Debug|Any CPU.Build.0 = Debug|Any CPU
		{02580114-A442-4ED8-B4E3-5A5D7F2A9224}.Release|Any CPU.ActiveCfg = Release|Any CPU
		{02580114-A442-4ED8-B4E3-5A5D7F2A9224}.Release|Any CPU.Build.0 = Release|Any CPU
		{A01640F9-7820-4B9E-8CA8-B672EE3316AA}.Debug|Any CPU.ActiveCfg = Debug|Any CPU
		{A01640F9-7820-4B9E-8CA8-B672EE3316AA}.Debug|Any CPU.Build.0 = Debug|Any CPU
		{A01640F9-7820-4B9E-8CA8-B672EE3316AA}.Release|Any CPU.ActiveCfg = Release|Any CPU
		{A01640F9-7820-4B9E-8CA8-B672EE3316AA}.Release|Any CPU.Build.0 = Release|Any CPU
	EndGlobalSection
	GlobalSection(SolutionProperties) = preSolution
		HideSolutionNode = FALSE
	EndGlobalSection
	GlobalSection(ExtensibilityGlobals) = postSolution
		SolutionGuid = {186ECBF1-A9D6-4FA7-B23F-8C20D87F0774}
	EndGlobalSection
EndGlobal
